[[package]]
name = "pyyaml"
version = "6.0"
description = "YAML parser and emitter for Python"
category = "main"
optional = false
python-versions = ">=3.6"

[metadata]
lock-version = "1.1"
python-versions = "^3.9"
content-hash = "947b4f780acb261fcdb5fb45b71e903f5798c5568c98370a26b27d5c07ec525a"

[metadata.files]
pyyaml = []
